
Microsoft Visual Studio Solution File, Format Version 12.00
# Visual Studio Version 16
VisualStudioVersion = 16.0.33927.289
MinimumVisualStudioVersion = 10.0.40219.1
Project("{FAE04EC0-301F-11D3-BF4B-00C04F79EFBC}") = "Assembly-CSharp", "Assembly-CSharp.csproj", "{F3862498-1D37-ADE2-3D3B-CA4DF6978822}"
EndProject
Project("{FAE04EC0-301F-11D3-BF4B-00C04F79EFBC}") = "Assembly-CSharp-Editor", "Assembly-CSharp-Editor.csproj", "{01A73200-AD73-F44A-9150-EF1494CC3383}"
EndProject
Global
	GlobalSection(SolutionConfigurationPlatforms) = preSolution
		Debug|Any CPU = Debug|Any CPU
		Release|Any CPU = Release|Any CPU
	EndGlobalSection
	GlobalSection(ProjectConfigurationPlatforms) = postSolution
		{F3862498-1D37-ADE2-3D3B-CA4DF6978822}.Debug|Any CPU.ActiveCfg = Debug|Any CPU
		{F3862498-1D37-ADE2-3D3B-CA4DF6978822}.Debug|Any CPU.Build.0 = Debug|Any CPU
		{F3862498-1D37-ADE2-3D3B-CA4DF6978822}.Release|Any CPU.ActiveCfg = Release|Any CPU
		{F3862498-1D37-ADE2-3D3B-CA4DF6978822}.Release|Any CPU.Build.0 = Release|Any CPU
		{01A73200-AD73-F44A-9150-EF1494CC3383}.Debug|Any CPU.ActiveCfg = Debug|Any CPU
		{01A73200-AD73-F44A-9150-EF1494CC3383}.Debug|Any CPU.Build.0 = Debug|Any CPU
		{01A73200-AD73-F44A-9150-EF1494CC3383}.Release|Any CPU.ActiveCfg = Release|Any CPU
		{01A73200-AD73-F44A-9150-EF1494CC3383}.Release|Any CPU.Build.0 = Release|Any CPU
	EndGlobalSection
	GlobalSection(SolutionProperties) = preSolution
		HideSolutionNode = FALSE
	EndGlobalSection
	GlobalSection(ExtensibilityGlobals) = postSolution
		SolutionGuid = {9BA34A9F-6D8A-4D4A-8936-E361C515B8DD}
	EndGlobalSection
EndGlobal
